
Microsoft Visual Studio Solution File, Format Version 12.00
# Visual Studio Version 17
VisualStudioVersion = 17.4.33122.133
MinimumVisualStudioVersion = 10.0.40219.1
Project("{FAE04EC0-301F-11D3-BF4B-00C04F79EFBC}") = "Hash_Func", "Hash_Func\Hash_Func.csproj", "{7F7EDC4A-E830-43D7-8D61-47DB5C34B8EA}"
EndProject
Global
	GlobalSection(SolutionConfigurationPlatforms) = preSolution
		Debug|Any CPU = Debug|Any CPU
		Release|Any CPU = Release|Any CPU
	EndGlobalSection
	GlobalSection(ProjectConfigurationPlatforms) = postSolution
		{7F7EDC4A-E830-43D7-8D61-47DB5C34B8EA}.Debug|Any CPU.ActiveCfg = Debug|Any CPU
		{7F7EDC4A-E830-43D7-8D61-47DB5C34B8EA}.Debug|Any CPU.Build.0 = Debug|Any CPU
		{7F7EDC4A-E830-43D7-8D61-47DB5C34B8EA}.Release|Any CPU.ActiveCfg = Release|Any CPU
		{7F7EDC4A-E830-43D7-8D61-47DB5C34B8EA}.Release|Any CPU.Build.0 = Release|Any CPU
	EndGlobalSection
	GlobalSection(SolutionProperties) = preSolution
		HideSolutionNode = FALSE
	EndGlobalSection
	GlobalSection(ExtensibilityGlobals) = postSolution
		SolutionGuid = {E897D3FC-2AA1-4CB7-A985-C194E17D7985}
	EndGlobalSection
EndGlobal
